{
  "object": {
    "pins": [
      {
        "package": "swift-argument-parser",
        "repositoryURL": "https://github.com/apple/swift-argument-parser",
        "state": {
          "branch": "main",
          "revision": "6b2aa2748a7881eebb9f84fb10c01293e15b52ca",
          "version": null
        }
      },
      {
        "package": "swift-tools-support-core",
        "repositoryURL": "https://github.com/apple/swift-tools-support-core",
        "state": {
          "branch": null,
          "revision": "3b6b97d612b56e25d80d0807f5bc38ea08b7bdf3",
          "version": "0.2.3"
        }
      }
    ]
  },
  "version": 1
}
